
Microsoft Visual Studio Solution File, Format Version 12.00
# Visual Studio Version 17
VisualStudioVersion = 17.3.32922.545
MinimumVisualStudioVersion = 10.0.40219.1
Project("{FAE04EC0-301F-11D3-BF4B-00C04F79EFBC}") = "Binary_Clock", "Binary_Clock\Binary_Clock.csproj", "{F0791CA0-87B3-4EC0-8BFF-34B35B1DFA07}"
EndProject
Global
	GlobalSection(SolutionConfigurationPlatforms) = preSolution
		Debug|Any CPU = Debug|Any CPU
		Release|Any CPU = Release|Any CPU
	EndGlobalSection
	GlobalSection(ProjectConfigurationPlatforms) = postSolution
		{F0791CA0-87B3-4EC0-8BFF-34B35B1DFA07}.Debug|Any CPU.ActiveCfg = Debug|Any CPU
		{F0791CA0-87B3-4EC0-8BFF-34B35B1DFA07}.Debug|Any CPU.Build.0 = Debug|Any CPU
		{F0791CA0-87B3-4EC0-8BFF-34B35B1DFA07}.Release|Any CPU.ActiveCfg = Release|Any CPU
		{F0791CA0-87B3-4EC0-8BFF-34B35B1DFA07}.Release|Any CPU.Build.0 = Release|Any CPU
	EndGlobalSection
	GlobalSection(SolutionProperties) = preSolution
		HideSolutionNode = FALSE
	EndGlobalSection
	GlobalSection(ExtensibilityGlobals) = postSolution
		SolutionGuid = {17C2D434-3231-482E-A0E3-4BE9DA62E0DD}
	EndGlobalSection
EndGlobal
